
Microsoft Visual Studio Solution File, Format Version 12.00
# Visual Studio 15
VisualStudioVersion = 15.0.28307.1022
MinimumVisualStudioVersion = 10.0.40219.1
Project("{9092AA53-FB77-4645-B42D-1CCCA6BD08BD}") = "ex_nt", "ex_nt\ex_nt.njsproj", "{0BE54550-8540-4A47-87EA-55087F550729}"
EndProject
Global
	GlobalSection(SolutionConfigurationPlatforms) = preSolution
		Debug|Any CPU = Debug|Any CPU
		Release|Any CPU = Release|Any CPU
	EndGlobalSection
	GlobalSection(ProjectConfigurationPlatforms) = postSolution
		{0BE54550-8540-4A47-87EA-55087F550729}.Debug|Any CPU.ActiveCfg = Debug|Any CPU
		{0BE54550-8540-4A47-87EA-55087F550729}.Debug|Any CPU.Build.0 = Debug|Any CPU
		{0BE54550-8540-4A47-87EA-55087F550729}.Release|Any CPU.ActiveCfg = Release|Any CPU
		{0BE54550-8540-4A47-87EA-55087F550729}.Release|Any CPU.Build.0 = Release|Any CPU
	EndGlobalSection
	GlobalSection(SolutionProperties) = preSolution
		HideSolutionNode = FALSE
	EndGlobalSection
	GlobalSection(ExtensibilityGlobals) = postSolution
		SolutionGuid = {57502600-4E7B-4CFA-B5D6-230560A62786}
	EndGlobalSection
EndGlobal
